
Microsoft Visual Studio Solution File, Format Version 12.00
# Visual Studio Version 17
VisualStudioVersion = 17.11.35312.102
MinimumVisualStudioVersion = 10.0.40219.1
Project("{FAE04EC0-301F-11D3-BF4B-00C04F79EFBC}") = "StreamerAwards.Endpoint", "StreamerAwards\StreamerAwards.Endpoint.csproj", "{FCE50D97-914E-4806-96D6-734C41CCAE37}"
EndProject
Project("{FAE04EC0-301F-11D3-BF4B-00C04F79EFBC}") = "StreamerAwards.Data", "StreamerAwards.Data\StreamerAwards.Data.csproj", "{B2C41FE7-A61E-4335-BB54-932B5876BAC3}"
EndProject
Project("{FAE04EC0-301F-11D3-BF4B-00C04F79EFBC}") = "StreamerAwards.Entities", "StreamerAwards.Entities\StreamerAwards.Entities.csproj", "{BBF1E8A1-AF3F-4BD7-BCF4-683E126665B2}"
EndProject
Project("{FAE04EC0-301F-11D3-BF4B-00C04F79EFBC}") = "StreamerAwards.Logic", "StreamerAwards.Logic\StreamerAwards.Logic.csproj", "{B4C052B1-0450-4FBC-A2FF-1461E9620F1E}"
EndProject
Global
	GlobalSection(SolutionConfigurationPlatforms) = preSolution
		Debug|Any CPU = Debug|Any CPU
		Release|Any CPU = Release|Any CPU
	EndGlobalSection
	GlobalSection(ProjectConfigurationPlatforms) = postSolution
		{FCE50D97-914E-4806-96D6-734C41CCAE37}.Debug|Any CPU.ActiveCfg = Debug|Any CPU
		{FCE50D97-914E-4806-96D6-734C41CCAE37}.Debug|Any CPU.Build.0 = Debug|Any CPU
		{FCE50D97-914E-4806-96D6-734C41CCAE37}.Release|Any CPU.ActiveCfg = Release|Any CPU
		{FCE50D97-914E-4806-96D6-734C41CCAE37}.Release|Any CPU.Build.0 = Release|Any CPU
		{B2C41FE7-A61E-4335-BB54-932B5876BAC3}.Debug|Any CPU.ActiveCfg = Debug|Any CPU
		{B2C41FE7-A61E-4335-BB54-932B5876BAC3}.Debug|Any CPU.Build.0 = Debug|Any CPU
		{B2C41FE7-A61E-4335-BB54-932B5876BAC3}.Release|Any CPU.ActiveCfg = Release|Any CPU
		{B2C41FE7-A61E-4335-BB54-932B5876BAC3}.Release|Any CPU.Build.0 = Release|Any CPU
		{BBF1E8A1-AF3F-4BD7-BCF4-683E126665B2}.Debug|Any CPU.ActiveCfg = Debug|Any CPU
		{BBF1E8A1-AF3F-4BD7-BCF4-683E126665B2}.Debug|Any CPU.Build.0 = Debug|Any CPU
		{BBF1E8A1-AF3F-4BD7-BCF4-683E126665B2}.Release|Any CPU.ActiveCfg = Release|Any CPU
		{BBF1E8A1-AF3F-4BD7-BCF4-683E126665B2}.Release|Any CPU.Build.0 = Release|Any CPU
		{B4C052B1-0450-4FBC-A2FF-1461E9620F1E}.Debug|Any CPU.ActiveCfg = Debug|Any CPU
		{B4C052B1-0450-4FBC-A2FF-1461E9620F1E}.Debug|Any CPU.Build.0 = Debug|Any CPU
		{B4C052B1-0450-4FBC-A2FF-1461E9620F1E}.Release|Any CPU.ActiveCfg = Release|Any CPU
		{B4C052B1-0450-4FBC-A2FF-1461E9620F1E}.Release|Any CPU.Build.0 = Release|Any CPU
	EndGlobalSection
	GlobalSection(SolutionProperties) = preSolution
		HideSolutionNode = FALSE
	EndGlobalSection
	GlobalSection(ExtensibilityGlobals) = postSolution
		SolutionGuid = {40EE3E8F-413A-4578-B9DB-ED3F229492DD}
	EndGlobalSection
EndGlobal
